git.sr.ht/~shulhan/asciidoctor-go v0.5.0 h1:TfcAjv+7EwBZ83ef8OhX9vfQ4vRFcaJh0P1XXgbsJv0=
git.sr.ht/~shulhan/asciidoctor-go v0.5.0/go.mod h1:RHAfgO1CU1It8Gsz6eqDBi8HhT4wxhCS1dKO8U9vIgM=
git.sr.ht/~shulhan/ciigo v0.10.1-0.20231014033528-46bd8b68dc8c h1:KEw6ySW40oKYn8kBhmZ+O/+ao3vsiQE/ASfrl8r8iI4=
git.sr.ht/~shulhan/ciigo v0.10.1-0.20231014033528-46bd8b68dc8c/go.mod h1:MHajiSghg2i70cimK3yoybg3mUSI/XXmdQjtxyN9fAA=
github.com/shuLhan/share v0.50.1-0.20231029100815-d714934c3b42 h1:N9oVS7acuZJ3ZKKGOENYraMd9oaNjl/0aRUH8yQnsj0=
github.com/shuLhan/share v0.50.1-0.20231029100815-d714934c3b42/go.mod h1:dUE7xqEzT8HZRy8vvfFzrFJ+6a6chXwaPmC4hYB68QU=
github.com/yuin/goldmark v1.6.0 h1:boZcn2GTjpsynOsC0iJHnBWa4Bi0qzfJjthwauItG68=
github.com/yuin/goldmark v1.6.0/go.mod h1:6yULJ656Px+3vBD8DxQVa3kxgyrAnzto9xy5taEt/CY=
github.com/yuin/goldmark-meta v1.1.0 h1:pWw+JLHGZe8Rk0EGsMVssiNb/AaPMHfSRszZeUeiOUc=
github.com/yuin/goldmark-meta v1.1.0/go.mod h1:U4spWENafuA7Zyg+Lj5RqK/MF+ovMYtBvXi1lBb2VP0=
golang.org/x/net v0.17.0 h1:pVaXccu2ozPjCXewfr1S7xza/zcXTity9cCdXQYSjIM=
golang.org/x/net v0.17.0/go.mod h1:NxSsAGuq816PNPmqtQdLE42eU2Fs7NoRIZrHJAlaCOE=
golang.org/x/sys v0.13.0 h1:Af8nKPmuFypiUBjVoU9V20FiaFXOcuZI21p0ycVYYGE=
golang.org/x/sys v0.13.0/go.mod h1:oPkhp1MJrh7nUepCBck5+mAzfO9JrbApNNgaTdGDITg=
gopkg.in/check.v1 v0.0.0-20161208181325-20d25e280405 h1:yhCVgyC4o1eVCa2tZl7eS0r+SDo693bJlVdllGtEeKM=
gopkg.in/check.v1 v0.0.0-20161208181325-20d25e280405/go.mod h1:Co6ibVJAznAaIkqp8huTwlJQCZ016jof/cbN4VW5Yz0=
gopkg.in/yaml.v2 v2.4.0 h1:D8xgwECY7CYvx+Y2n4sBz93Jn9JRvxdiyyo8CTfuKaY=
gopkg.in/yaml.v2 v2.4.0/go.mod h1:RDklbk79AGWmwhnvt/jBztapEOGDOx6ZbXqjP6csGnQ=
